// !$*UTF8*$!
{
	archiveVersion = 1;
	classes = {
	};
	objectVersion = 55;
	objects = {

/* Begin PBXBuildFile section */
		6462D8ED2878120D00CAB415 /* AppDelegate.swift in Sources */ = {isa = PBXBuildFile; fileRef = 6462D8EC2878120D00CAB415 /* AppDelegate.swift */; };
		6462D8EF2878120D00CAB415 /* SceneDelegate.swift in Sources */ = {isa = PBXBuildFile; fileRef = 6462D8EE2878120D00CAB415 /* SceneDelegate.swift */; };
		6462D8F12878120D00CAB415 /* ViewController.swift in Sources */ = {isa = PBXBuildFile; fileRef = 6462D8F02878120D00CAB415 /* ViewController.swift */; };
		6462D8F42878120D00CAB415 /* Main.storyboard in Resources */ = {isa = PBXBuildFile; fileRef = 6462D8F22878120D00CAB415 /* Main.storyboard */; };
		6462D8F62878120E00CAB415 /* Assets.xcassets in Resources */ = {isa = PBXBuildFile; fileRef = 6462D8F52878120E00CAB415 /* Assets.xcassets */; };
		6462D8F92878120E00CAB415 /* LaunchScreen.storyboard in Resources */ = {isa = PBXBuildFile; fileRef = 6462D8F72878120E00CAB415 /* LaunchScreen.storyboard */; };
		6462D8FE2878120E00CAB415 /* HealthContribution WatchKit App.app in Embed Watch Content */ = {isa = PBXBuildFile; fileRef = 6462D8FD2878120E00CAB415 /* HealthContribution WatchKit App.app */; settings = {ATTRIBUTES = (RemoveHeadersOnCopy, ); }; };
		6462D9042878120E00CAB415 /* Interface.storyboard in Resources */ = {isa = PBXBuildFile; fileRef = 6462D9022878120E00CAB415 /* Interface.storyboard */; };
		6462D9062878120F00CAB415 /* Assets.xcassets in Resources */ = {isa = PBXBuildFile; fileRef = 6462D9052878120F00CAB415 /* Assets.xcassets */; };
		6462D90C2878120F00CAB415 /* HealthContribution WatchKit Extension.appex in Embed App Extensions */ = {isa = PBXBuildFile; fileRef = 6462D90B2878120F00CAB415 /* HealthContribution WatchKit Extension.appex */; settings = {ATTRIBUTES = (RemoveHeadersOnCopy, ); }; };
		6462D9112878120F00CAB415 /* HomeInterfaceController.swift in Sources */ = {isa = PBXBuildFile; fileRef = 6462D9102878120F00CAB415 /* HomeInterfaceController.swift */; };
		6462D9132878120F00CAB415 /* ExtensionDelegate.swift in Sources */ = {isa = PBXBuildFile; fileRef = 6462D9122878120F00CAB415 /* ExtensionDelegate.swift */; };
		6462D9152878120F00CAB415 /* NotificationController.swift in Sources */ = {isa = PBXBuildFile; fileRef = 6462D9142878120F00CAB415 /* NotificationController.swift */; };
		6462D9172878120F00CAB415 /* ComplicationController.swift in Sources */ = {isa = PBXBuildFile; fileRef = 6462D9162878120F00CAB415 /* ComplicationController.swift */; };
		6462D9192878121000CAB415 /* Assets.xcassets in Resources */ = {isa = PBXBuildFile; fileRef = 6462D9182878121000CAB415 /* Assets.xcassets */; };
		6462D92A287812CC00CAB415 /* TileRowController.swift in Sources */ = {isa = PBXBuildFile; fileRef = 6462D929287812CC00CAB415 /* TileRowController.swift */; };
/* End PBXBuildFile section */

/* Begin PBXContainerItemProxy section */
		6462D8FF2878120E00CAB415 /* PBXContainerItemProxy */ = {
			isa = PBXContainerItemProxy;
			containerPortal = 6462D8E12878120C00CAB415 /* Project object */;
			proxyType = 1;
			remoteGlobalIDString = 6462D8FC2878120E00CAB415;
			remoteInfo = "HealthContribution WatchKit App";
		};
		6462D90D2878120F00CAB415 /* PBXContainerItemProxy */ = {
			isa = PBXContainerItemProxy;
			containerPortal = 6462D8E12878120C00CAB415 /* Project object */;
			proxyType = 1;
			remoteGlobalIDString = 6462D90A2878120F00CAB415;
			remoteInfo = "HealthContribution WatchKit Extension";
		};
/* End PBXContainerItemProxy section */

/* Begin PBXCopyFilesBuildPhase section */
		6462D9212878121000CAB415 /* Embed App Extensions */ = {
			isa = PBXCopyFilesBuildPhase;
			buildActionMask = 2147483647;
			dstPath = "";
			dstSubfolderSpec = 13;
			files = (
				6462D90C2878120F00CAB415 /* HealthContribution WatchKit Extension.appex in Embed App Extensions */,
			);
			name = "Embed App Extensions";
			runOnlyForDeploymentPostprocessing = 0;
		};
		6462D9252878121000CAB415 /* Embed Watch Content */ = {
			isa = PBXCopyFilesBuildPhase;
			buildActionMask = 2147483647;
			dstPath = "$(CONTENTS_FOLDER_PATH)/Watch";
			dstSubfolderSpec = 16;
			files = (
				6462D8FE2878120E00CAB415 /* HealthContribution WatchKit App.app in Embed Watch Content */,
			);
			name = "Embed Watch Content";
			runOnlyForDeploymentPostprocessing = 0;
		};
/* End PBXCopyFilesBuildPhase section */

/* Begin PBXFileReference section */
		6462D8E92878120D00CAB415 /* HealthContribution.app */ = {isa = PBXFileReference; explicitFileType = wrapper.application; includeInIndex = 0; path = HealthContribution.app; sourceTree = BUILT_PRODUCTS_DIR; };
		6462D8EC2878120D00CAB415 /* AppDelegate.swift */ = {isa = PBXFileReference; lastKnownFileType = sourcecode.swift; path = AppDelegate.swift; sourceTree = "<group>"; };
		6462D8EE2878120D00CAB415 /* SceneDelegate.swift */ = {isa = PBXFileReference; lastKnownFileType = sourcecode.swift; path = SceneDelegate.swift; sourceTree = "<group>"; };
		6462D8F02878120D00CAB415 /* ViewController.swift */ = {isa = PBXFileReference; lastKnownFileType = sourcecode.swift; path = ViewController.swift; sourceTree = "<group>"; };
		6462D8F32878120D00CAB415 /* Base */ = {isa = PBXFileReference; lastKnownFileType = file.storyboard; name = Base; path = Base.lproj/Main.storyboard; sourceTree = "<group>"; };
		6462D8F52878120E00CAB415 /* Assets.xcassets */ = {isa = PBXFileReference; lastKnownFileType = folder.assetcatalog; path = Assets.xcassets; sourceTree = "<group>"; };
		6462D8F82878120E00CAB415 /* Base */ = {isa = PBXFileReference; lastKnownFileType = file.storyboard; name = Base; path = Base.lproj/LaunchScreen.storyboard; sourceTree = "<group>"; };
		6462D8FA2878120E00CAB415 /* Info.plist */ = {isa = PBXFileReference; lastKnownFileType = text.plist.xml; path = Info.plist; sourceTree = "<group>"; };
		6462D8FD2878120E00CAB415 /* HealthContribution WatchKit App.app */ = {isa = PBXFileReference; explicitFileType = wrapper.application; includeInIndex = 0; path = "HealthContribution WatchKit App.app"; sourceTree = BUILT_PRODUCTS_DIR; };
		6462D9032878120E00CAB415 /* Base */ = {isa = PBXFileReference; lastKnownFileType = file.storyboard; name = Base; path = Base.lproj/Interface.storyboard; sourceTree = "<group>"; };
		6462D9052878120F00CAB415 /* Assets.xcassets */ = {isa = PBXFileReference; lastKnownFileType = folder.assetcatalog; path = Assets.xcassets; sourceTree = "<group>"; };
		6462D90B2878120F00CAB415 /* HealthContribution WatchKit Extension.appex */ = {isa = PBXFileReference; explicitFileType = "wrapper.app-extension"; includeInIndex = 0; path = "HealthContribution WatchKit Extension.appex"; sourceTree = BUILT_PRODUCTS_DIR; };
		6462D9102878120F00CAB415 /* HomeInterfaceController.swift */ = {isa = PBXFileReference; lastKnownFileType = sourcecode.swift; path = HomeInterfaceController.swift; sourceTree = "<group>"; };
		6462D9122878120F00CAB415 /* ExtensionDelegate.swift */ = {isa = PBXFileReference; lastKnownFileType = sourcecode.swift; path = ExtensionDelegate.swift; sourceTree = "<group>"; };
		6462D9142878120F00CAB415 /* NotificationController.swift */ = {isa = PBXFileReference; lastKnownFileType = sourcecode.swift; path = NotificationController.swift; sourceTree = "<group>"; };
		6462D9162878120F00CAB415 /* ComplicationController.swift */ = {isa = PBXFileReference; lastKnownFileType = sourcecode.swift; path = ComplicationController.swift; sourceTree = "<group>"; };
		6462D9182878121000CAB415 /* Assets.xcassets */ = {isa = PBXFileReference; lastKnownFileType = folder.assetcatalog; path = Assets.xcassets; sourceTree = "<group>"; };
		6462D91A2878121000CAB415 /* Info.plist */ = {isa = PBXFileReference; lastKnownFileType = text.plist.xml; path = Info.plist; sourceTree = "<group>"; };
		6462D91B2878121000CAB415 /* PushNotificationPayload.apns */ = {isa = PBXFileReference; lastKnownFileType = text; path = PushNotificationPayload.apns; sourceTree = "<group>"; };
		6462D929287812CC00CAB415 /* TileRowController.swift */ = {isa = PBXFileReference; lastKnownFileType = sourcecode.swift; path = TileRowController.swift; sourceTree = "<group>"; };
/* End PBXFileReference section */

/* Begin PBXFrameworksBuildPhase section */
		6462D8E62878120D00CAB415 /* Frameworks */ = {
			isa = PBXFrameworksBuildPhase;
			buildActionMask = 2147483647;
			files = (
			);
			runOnlyForDeploymentPostprocessing = 0;
		};
		6462D9082878120F00CAB415 /* Frameworks */ = {
			isa = PBXFrameworksBuildPhase;
			buildActionMask = 2147483647;
			files = (
			);
			runOnlyForDeploymentPostprocessing = 0;
		};
/* End PBXFrameworksBuildPhase section */

/* Begin PBXGroup section */
		6462D8E02878120C00CAB415 = {
			isa = PBXGroup;
			children = (
				6462D8EB2878120D00CAB415 /* HealthContribution */,
				6462D9012878120E00CAB415 /* HealthContribution WatchKit App */,
				6462D90F2878120F00CAB415 /* HealthContribution WatchKit Extension */,
				6462D8EA2878120D00CAB415 /* Products */,
			);
			sourceTree = "<group>";
		};
		6462D8EA2878120D00CAB415 /* Products */ = {
			isa = PBXGroup;
			children = (
				6462D8E92878120D00CAB415 /* HealthContribution.app */,
				6462D8FD2878120E00CAB415 /* HealthContribution WatchKit App.app */,
				6462D90B2878120F00CAB415 /* HealthContribution WatchKit Extension.appex */,
			);
			name = Products;
			sourceTree = "<group>";
		};
		6462D8EB2878120D00CAB415 /* HealthContribution */ = {
			isa = PBXGroup;
			children = (
				6462D8EC2878120D00CAB415 /* AppDelegate.swift */,
				6462D8EE2878120D00CAB415 /* SceneDelegate.swift */,
				6462D8F02878120D00CAB415 /* ViewController.swift */,
				6462D8F22878120D00CAB415 /* Main.storyboard */,
				6462D8F52878120E00CAB415 /* Assets.xcassets */,
				6462D8F72878120E00CAB415 /* LaunchScreen.storyboard */,
				6462D8FA2878120E00CAB415 /* Info.plist */,
			);
			path = HealthContribution;
			sourceTree = "<group>";
		};
		6462D9012878120E00CAB415 /* HealthContribution WatchKit App */ = {
			isa = PBXGroup;
			children = (
				6462D9022878120E00CAB415 /* Interface.storyboard */,
				6462D9052878120F00CAB415 /* Assets.xcassets */,
			);
			path = "HealthContribution WatchKit App";
			sourceTree = "<group>";
		};
		6462D90F2878120F00CAB415 /* HealthContribution WatchKit Extension */ = {
			isa = PBXGroup;
			children = (
				6462D9102878120F00CAB415 /* HomeInterfaceController.swift */,
				6462D9122878120F00CAB415 /* ExtensionDelegate.swift */,
				6462D9142878120F00CAB415 /* NotificationController.swift */,
				6462D9162878120F00CAB415 /* ComplicationController.swift */,
				6462D929287812CC00CAB415 /* TileRowController.swift */,
				6462D9182878121000CAB415 /* Assets.xcassets */,
				6462D91A2878121000CAB415 /* Info.plist */,
				6462D91B2878121000CAB415 /* PushNotificationPayload.apns */,
			);
			path = "HealthContribution WatchKit Extension";
			sourceTree = "<group>";
		};
/* End PBXGroup section */

/* Begin PBXNativeTarget section */
		6462D8E82878120D00CAB415 /* HealthContribution */ = {
			isa = PBXNativeTarget;
			buildConfigurationList = 6462D9262878121000CAB415 /* Build configuration list for PBXNativeTarget "HealthContribution" */;
			buildPhases = (
				6462D8E52878120D00CAB415 /* Sources */,
				6462D8E62878120D00CAB415 /* Frameworks */,
				6462D8E72878120D00CAB415 /* Resources */,
				6462D9252878121000CAB415 /* Embed Watch Content */,
			);
			buildRules = (
			);
			dependencies = (
				6462D9002878120E00CAB415 /* PBXTargetDependency */,
			);
			name = HealthContribution;
			productName = HealthContribution;
			productReference = 6462D8E92878120D00CAB415 /* HealthContribution.app */;
			productType = "com.apple.product-type.application";
		};
		6462D8FC2878120E00CAB415 /* HealthContribution WatchKit App */ = {
			isa = PBXNativeTarget;
			buildConfigurationList = 6462D9222878121000CAB415 /* Build configuration list for PBXNativeTarget "HealthContribution WatchKit App" */;
			buildPhases = (
				6462D8FB2878120E00CAB415 /* Resources */,
				6462D9212878121000CAB415 /* Embed App Extensions */,
			);
			buildRules = (
			);
			dependencies = (
				6462D90E2878120F00CAB415 /* PBXTargetDependency */,
			);
			name = "HealthContribution WatchKit App";
			productName = "HealthContribution WatchKit App";
			productReference = 6462D8FD2878120E00CAB415 /* HealthContribution WatchKit App.app */;
			productType = "com.apple.product-type.application.watchapp2";
		};
		6462D90A2878120F00CAB415 /* HealthContribution WatchKit Extension */ = {
			isa = PBXNativeTarget;
			buildConfigurationList = 6462D91E2878121000CAB415 /* Build configuration list for PBXNativeTarget "HealthContribution WatchKit Extension" */;
			buildPhases = (
				6462D9072878120F00CAB415 /* Sources */,
				6462D9082878120F00CAB415 /* Frameworks */,
				6462D9092878120F00CAB415 /* Resources */,
			);
			buildRules = (
			);
			dependencies = (
			);
			name = "HealthContribution WatchKit Extension";
			productName = "HealthContribution WatchKit Extension";
			productReference = 6462D90B2878120F00CAB415 /* HealthContribution WatchKit Extension.appex */;
			productType = "com.apple.product-type.watchkit2-extension";
		};
/* End PBXNativeTarget section */

/* Begin PBXProject section */
		6462D8E12878120C00CAB415 /* Project object */ = {
			isa = PBXProject;
			attributes = {
				BuildIndependentTargetsInParallel = 1;
				LastSwiftUpdateCheck = 1340;
				LastUpgradeCheck = 1340;
				TargetAttributes = {
					6462D8E82878120D00CAB415 = {
						CreatedOnToolsVersion = 13.4.1;
					};
					6462D8FC2878120E00CAB415 = {
						CreatedOnToolsVersion = 13.4.1;
					};
					6462D90A2878120F00CAB415 = {
						CreatedOnToolsVersion = 13.4.1;
					};
				};
			};
			buildConfigurationList = 6462D8E42878120C00CAB415 /* Build configuration list for PBXProject "HealthContribution" */;
			compatibilityVersion = "Xcode 13.0";
			developmentRegion = en;
			hasScannedForEncodings = 0;
			knownRegions = (
				en,
				Base,
			);
			mainGroup = 6462D8E02878120C00CAB415;
			productRefGroup = 6462D8EA2878120D00CAB415 /* Products */;
			projectDirPath = "";
			projectRoot = "";
			targets = (
				6462D8E82878120D00CAB415 /* HealthContribution */,
				6462D8FC2878120E00CAB415 /* HealthContribution WatchKit App */,
				6462D90A2878120F00CAB415 /* HealthContribution WatchKit Extension */,
			);
		};
/* End PBXProject section */

/* Begin PBXResourcesBuildPhase section */
		6462D8E72878120D00CAB415 /* Resources */ = {
			isa = PBXResourcesBuildPhase;
			buildActionMask = 2147483647;
			files = (
				6462D8F92878120E00CAB415 /* LaunchScreen.storyboard in Resources */,
				6462D8F62878120E00CAB415 /* Assets.xcassets in Resources */,
				6462D8F42878120D00CAB415 /* Main.storyboard in Resources */,
			);
			runOnlyForDeploymentPostprocessing = 0;
		};
		6462D8FB2878120E00CAB415 /* Resources */ = {
			isa = PBXResourcesBuildPhase;
			buildActionMask = 2147483647;
			files = (
				6462D9062878120F00CAB415 /* Assets.xcassets in Resources */,
				6462D9042878120E00CAB415 /* Interface.storyboard in Resources */,
			);
			runOnlyForDeploymentPostprocessing = 0;
		};
		6462D9092878120F00CAB415 /* Resources */ = {
			isa = PBXResourcesBuildPhase;
			buildActionMask = 2147483647;
			files = (
				6462D9192878121000CAB415 /* Assets.xcassets in Resources */,
			);
			runOnlyForDeploymentPostprocessing = 0;
		};
/* End PBXResourcesBuildPhase section */

/* Begin PBXSourcesBuildPhase section */
		6462D8E52878120D00CAB415 /* Sources */ = {
			isa = PBXSourcesBuildPhase;
			buildActionMask = 2147483647;
			files = (
				6462D8F12878120D00CAB415 /* ViewController.swift in Sources */,
				6462D8ED2878120D00CAB415 /* AppDelegate.swift in Sources */,
				6462D8EF2878120D00CAB415 /* SceneDelegate.swift in Sources */,
			);
			runOnlyForDeploymentPostprocessing = 0;
		};
		6462D9072878120F00CAB415 /* Sources */ = {
			isa = PBXSourcesBuildPhase;
			buildActionMask = 2147483647;
			files = (
				6462D92A287812CC00CAB415 /* TileRowController.swift in Sources */,
				6462D9152878120F00CAB415 /* NotificationController.swift in Sources */,
				6462D9172878120F00CAB415 /* ComplicationController.swift in Sources */,
				6462D9132878120F00CAB415 /* ExtensionDelegate.swift in Sources */,
				6462D9112878120F00CAB415 /* HomeInterfaceController.swift in Sources */,
			);
			runOnlyForDeploymentPostprocessing = 0;
		};
/* End PBXSourcesBuildPhase section */

/* Begin PBXTargetDependency section */
		6462D9002878120E00CAB415 /* PBXTargetDependency */ = {
			isa = PBXTargetDependency;
			target = 6462D8FC2878120E00CAB415 /* HealthContribution WatchKit App */;
			targetProxy = 6462D8FF2878120E00CAB415 /* PBXContainerItemProxy */;
		};
		6462D90E2878120F00CAB415 /* PBXTargetDependency */ = {
			isa = PBXTargetDependency;
			target = 6462D90A2878120F00CAB415 /* HealthContribution WatchKit Extension */;
			targetProxy = 6462D90D2878120F00CAB415 /* PBXContainerItemProxy */;
		};
/* End PBXTargetDependency section */

/* Begin PBXVariantGroup section */
		6462D8F22878120D00CAB415 /* Main.storyboard */ = {
			isa = PBXVariantGroup;
			children = (
				6462D8F32878120D00CAB415 /* Base */,
			);
			name = Main.storyboard;
			sourceTree = "<group>";
		};
		6462D8F72878120E00CAB415 /* LaunchScreen.storyboard */ = {
			isa = PBXVariantGroup;
			children = (
				6462D8F82878120E00CAB415 /* Base */,
			);
			name = LaunchScreen.storyboard;
			sourceTree = "<group>";
		};
		6462D9022878120E00CAB415 /* Interface.storyboard */ = {
			isa = PBXVariantGroup;
			children = (
				6462D9032878120E00CAB415 /* Base */,
			);
			name = Interface.storyboard;
			sourceTree = "<group>";
		};
/* End PBXVariantGroup section */

/* Begin XCBuildConfiguration section */
		6462D91C2878121000CAB415 /* Debug */ = {
			isa = XCBuildConfiguration;
			buildSettings = {
				ALWAYS_SEARCH_USER_PATHS = NO;
				CLANG_ANALYZER_NONNULL = YES;
				CLANG_ANALYZER_NUMBER_OBJECT_CONVERSION = YES_AGGRESSIVE;
				CLANG_CXX_LANGUAGE_STANDARD = "gnu++17";
				CLANG_ENABLE_MODULES = YES;
				CLANG_ENABLE_OBJC_ARC = YES;
				CLANG_ENABLE_OBJC_WEAK = YES;
				CLANG_WARN_BLOCK_CAPTURE_AUTORELEASING = YES;
				CLANG_WARN_BOOL_CONVERSION = YES;
				CLANG_WARN_COMMA = YES;
				CLANG_WARN_CONSTANT_CONVERSION = YES;
				CLANG_WARN_DEPRECATED_OBJC_IMPLEMENTATIONS = YES;
				CLANG_WARN_DIRECT_OBJC_ISA_USAGE = YES_ERROR;
				CLANG_WARN_DOCUMENTATION_COMMENTS = YES;
				CLANG_WARN_EMPTY_BODY = YES;
				CLANG_WARN_ENUM_CONVERSION = YES;
				CLANG_WARN_INFINITE_RECURSION = YES;
				CLANG_WARN_INT_CONVERSION = YES;
				CLANG_WARN_NON_LITERAL_NULL_CONVERSION = YES;
				CLANG_WARN_OBJC_IMPLICIT_RETAIN_SELF = YES;
				CLANG_WARN_OBJC_LITERAL_CONVERSION = YES;
				CLANG_WARN_OBJC_ROOT_CLASS = YES_ERROR;
				CLANG_WARN_QUOTED_INCLUDE_IN_FRAMEWORK_HEADER = YES;
				CLANG_WARN_RANGE_LOOP_ANALYSIS = YES;
				CLANG_WARN_STRICT_PROTOTYPES = YES;
				CLANG_WARN_SUSPICIOUS_MOVE = YES;
				CLANG_WARN_UNGUARDED_AVAILABILITY = YES_AGGRESSIVE;
				CLANG_WARN_UNREACHABLE_CODE = YES;
				CLANG_WARN__DUPLICATE_METHOD_MATCH = YES;
				COPY_PHASE_STRIP = NO;
				DEBUG_INFORMATION_FORMAT = dwarf;
				ENABLE_STRICT_OBJC_MSGSEND = YES;
				ENABLE_TESTABILITY = YES;
				GCC_C_LANGUAGE_STANDARD = gnu11;
				GCC_DYNAMIC_NO_PIC = NO;
				GCC_NO_COMMON_BLOCKS = YES;
				GCC_OPTIMIZATION_LEVEL = 0;
				GCC_PREPROCESSOR_DEFINITIONS = (
					"DEBUG=1",
					"$(inherited)",
				);
				GCC_WARN_64_TO_32_BIT_CONVERSION = YES;
				GCC_WARN_ABOUT_RETURN_TYPE = YES_ERROR;
				GCC_WARN_UNDECLARED_SELECTOR = YES;
				GCC_WARN_UNINITIALIZED_AUTOS = YES_AGGRESSIVE;
				GCC_WARN_UNUSED_FUNCTION = YES;
				GCC_WARN_UNUSED_VARIABLE = YES;
				MTL_ENABLE_DEBUG_INFO = INCLUDE_SOURCE;
				MTL_FAST_MATH = YES;
				ONLY_ACTIVE_ARCH = YES;
				SWIFT_ACTIVE_COMPILATION_CONDITIONS = DEBUG;
				SWIFT_OPTIMIZATION_LEVEL = "-Onone";
			};
			name = Debug;
		};
		6462D91D2878121000CAB415 /* Release */ = {
			isa = XCBuildConfiguration;
			buildSettings = {
				ALWAYS_SEARCH_USER_PATHS = NO;
				CLANG_ANALYZER_NONNULL = YES;
				CLANG_ANALYZER_NUMBER_OBJECT_CONVERSION = YES_AGGRESSIVE;
				CLANG_CXX_LANGUAGE_STANDARD = "gnu++17";
				CLANG_ENABLE_MODULES = YES;
				CLANG_ENABLE_OBJC_ARC = YES;
				CLANG_ENABLE_OBJC_WEAK = YES;
				CLANG_WARN_BLOCK_CAPTURE_AUTORELEASING = YES;
				CLANG_WARN_BOOL_CONVERSION = YES;
				CLANG_WARN_COMMA = YES;
				CLANG_WARN_CONSTANT_CONVERSION = YES;
				CLANG_WARN_DEPRECATED_OBJC_IMPLEMENTATIONS = YES;
				CLANG_WARN_DIRECT_OBJC_ISA_USAGE = YES_ERROR;
				CLANG_WARN_DOCUMENTATION_COMMENTS = YES;
				CLANG_WARN_EMPTY_BODY = YES;
				CLANG_WARN_ENUM_CONVERSION = YES;
				CLANG_WARN_INFINITE_RECURSION = YES;
				CLANG_WARN_INT_CONVERSION = YES;
				CLANG_WARN_NON_LITERAL_NULL_CONVERSION = YES;
				CLANG_WARN_OBJC_IMPLICIT_RETAIN_SELF = YES;
				CLANG_WARN_OBJC_LITERAL_CONVERSION = YES;
				CLANG_WARN_OBJC_ROOT_CLASS = YES_ERROR;
				CLANG_WARN_QUOTED_INCLUDE_IN_FRAMEWORK_HEADER = YES;
				CLANG_WARN_RANGE_LOOP_ANALYSIS = YES;
				CLANG_WARN_STRICT_PROTOTYPES = YES;
				CLANG_WARN_SUSPICIOUS_MOVE = YES;
				CLANG_WARN_UNGUARDED_AVAILABILITY = YES_AGGRESSIVE;
				CLANG_WARN_UNREACHABLE_CODE = YES;
				CLANG_WARN__DUPLICATE_METHOD_MATCH = YES;
				COPY_PHASE_STRIP = NO;
				DEBUG_INFORMATION_FORMAT = "dwarf-with-dsym";
				ENABLE_NS_ASSERTIONS = NO;
				ENABLE_STRICT_OBJC_MSGSEND = YES;
				GCC_C_LANGUAGE_STANDARD = gnu11;
				GCC_NO_COMMON_BLOCKS = YES;
				GCC_WARN_64_TO_32_BIT_CONVERSION = YES;
				GCC_WARN_ABOUT_RETURN_TYPE = YES_ERROR;
				GCC_WARN_UNDECLARED_SELECTOR = YES;
				GCC_WARN_UNINITIALIZED_AUTOS = YES_AGGRESSIVE;
				GCC_WARN_UNUSED_FUNCTION = YES;
				GCC_WARN_UNUSED_VARIABLE = YES;
				MTL_ENABLE_DEBUG_INFO = NO;
				MTL_FAST_MATH = YES;
				SWIFT_COMPILATION_MODE = wholemodule;
				SWIFT_OPTIMIZATION_LEVEL = "-O";
			};
			name = Release;
		};
		6462D91F2878121000CAB415 /* Debug */ = {
			isa = XCBuildConfiguration;
			buildSettings = {
				ASSETCATALOG_COMPILER_COMPLICATION_NAME = Complication;
				CODE_SIGN_STYLE = Automatic;
				CURRENT_PROJECT_VERSION = 1;
				DEVELOPMENT_TEAM = MQH3AL8X2Q;
				GENERATE_INFOPLIST_FILE = YES;
				INFOPLIST_FILE = "HealthContribution WatchKit Extension/Info.plist";
				INFOPLIST_KEY_CFBundleDisplayName = "HealthContribution WatchKit Extension";
				INFOPLIST_KEY_CLKComplicationPrincipalClass = "$(PRODUCT_MODULE_NAME).ComplicationController";
				INFOPLIST_KEY_NSHumanReadableCopyright = "";
				INFOPLIST_KEY_WKExtensionDelegateClassName = "$(PRODUCT_MODULE_NAME).ExtensionDelegate";
				INFOPLIST_KEY_WKRunsIndependentlyOfCompanionApp = YES;
				LD_RUNPATH_SEARCH_PATHS = (
					"$(inherited)",
					"@executable_path/Frameworks",
					"@executable_path/../../Frameworks",
				);
				MARKETING_VERSION = 1.0;
				PRODUCT_BUNDLE_IDENTIFIER = com.seungchan.HealthContribution.watchkitapp.watchkitextension;
				PRODUCT_NAME = "${TARGET_NAME}";
				SDKROOT = watchos;
				SKIP_INSTALL = YES;
				SWIFT_EMIT_LOC_STRINGS = YES;
				SWIFT_VERSION = 5.0;
				TARGETED_DEVICE_FAMILY = 4;
				WATCHOS_DEPLOYMENT_TARGET = 8.5;
			};
			name = Debug;
		};
		6462D9202878121000CAB415 /* Release */ = {
			isa = XCBuildConfiguration;
			buildSettings = {
				ASSETCATALOG_COMPILER_COMPLICATION_NAME = Complication;
				CODE_SIGN_STYLE = Automatic;
				CURRENT_PROJECT_VERSION = 1;
				DEVELOPMENT_TEAM = MQH3AL8X2Q;
				GENERATE_INFOPLIST_FILE = YES;
				INFOPLIST_FILE = "HealthContribution WatchKit Extension/Info.plist";
				INFOPLIST_KEY_CFBundleDisplayName = "HealthContribution WatchKit Extension";
				INFOPLIST_KEY_CLKComplicationPrincipalClass = "$(PRODUCT_MODULE_NAME).ComplicationController";
				INFOPLIST_KEY_NSHumanReadableCopyright = "";
				INFOPLIST_KEY_WKExtensionDelegateClassName = "$(PRODUCT_MODULE_NAME).ExtensionDelegate";
				INFOPLIST_KEY_WKRunsIndependentlyOfCompanionApp = YES;
				LD_RUNPATH_SEARCH_PATHS = (
					"$(inherited)",
					"@executable_path/Frameworks",
					"@executable_path/../../Frameworks",
				);
				MARKETING_VERSION = 1.0;
				PRODUCT_BUNDLE_IDENTIFIER = com.seungchan.HealthContribution.watchkitapp.watchkitextension;
				PRODUCT_NAME = "${TARGET_NAME}";
				SDKROOT = watchos;
				SKIP_INSTALL = YES;
				SWIFT_EMIT_LOC_STRINGS = YES;
				SWIFT_VERSION = 5.0;
				TARGETED_DEVICE_FAMILY = 4;
				VALIDATE_PRODUCT = YES;
				WATCHOS_DEPLOYMENT_TARGET = 8.5;
			};
			name = Release;
		};
		6462D9232878121000CAB415 /* Debug */ = {
			isa = XCBuildConfiguration;
			buildSettings = {
				ALWAYS_EMBED_SWIFT_STANDARD_LIBRARIES = YES;
				ASSETCATALOG_COMPILER_APPICON_NAME = AppIcon;
				ASSETCATALOG_COMPILER_GLOBAL_ACCENT_COLOR_NAME = AccentColor;
				CODE_SIGN_STYLE = Automatic;
				CURRENT_PROJECT_VERSION = 1;
				DEVELOPMENT_TEAM = MQH3AL8X2Q;
				GENERATE_INFOPLIST_FILE = YES;
				IBSC_MODULE = HealthContribution_WatchKit_Extension;
				INFOPLIST_KEY_CFBundleDisplayName = "HealthContribution WatchKit App";
				INFOPLIST_KEY_UISupportedInterfaceOrientations = "UIInterfaceOrientationPortrait UIInterfaceOrientationPortraitUpsideDown";
				INFOPLIST_KEY_WKCompanionAppBundleIdentifier = com.seungchan.HealthContribution;
				MARKETING_VERSION = 1.0;
				PRODUCT_BUNDLE_IDENTIFIER = com.seungchan.HealthContribution.watchkitapp;
				PRODUCT_NAME = "$(TARGET_NAME)";
				SDKROOT = watchos;
				SKIP_INSTALL = YES;
				SWIFT_EMIT_LOC_STRINGS = YES;
				SWIFT_VERSION = 5.0;
				TARGETED_DEVICE_FAMILY = 4;
				WATCHOS_DEPLOYMENT_TARGET = 8.5;
			};
			name = Debug;
		};
		6462D9242878121000CAB415 /* Release */ = {
			isa = XCBuildConfiguration;
			buildSettings = {
				ALWAYS_EMBED_SWIFT_STANDARD_LIBRARIES = YES;
				ASSETCATALOG_COMPILER_APPICON_NAME = AppIcon;
				ASSETCATALOG_COMPILER_GLOBAL_ACCENT_COLOR_NAME = AccentColor;
				CODE_SIGN_STYLE = Automatic;
				CURRENT_PROJECT_VERSION = 1;
				DEVELOPMENT_TEAM = MQH3AL8X2Q;
				GENERATE_INFOPLIST_FILE = YES;
				IBSC_MODULE = HealthContribution_WatchKit_Extension;
				INFOPLIST_KEY_CFBundleDisplayName = "HealthContribution WatchKit App";
				INFOPLIST_KEY_UISupportedInterfaceOrientations = "UIInterfaceOrientationPortrait UIInterfaceOrientationPortraitUpsideDown";
				INFOPLIST_KEY_WKCompanionAppBundleIdentifier = com.seungchan.HealthContribution;
				MARKETING_VERSION = 1.0;
				PRODUCT_BUNDLE_IDENTIFIER = com.seungchan.HealthContribution.watchkitapp;
				PRODUCT_NAME = "$(TARGET_NAME)";
				SDKROOT = watchos;
				SKIP_INSTALL = YES;
				SWIFT_EMIT_LOC_STRINGS = YES;
				SWIFT_VERSION = 5.0;
				TARGETED_DEVICE_FAMILY = 4;
				VALIDATE_PRODUCT = YES;
				WATCHOS_DEPLOYMENT_TARGET = 8.5;
			};
			name = Release;
		};
		6462D9272878121000CAB415 /* Debug */ = {
			isa = XCBuildConfiguration;
			buildSettings = {
				ASSETCATALOG_COMPILER_APPICON_NAME = AppIcon;
				ASSETCATALOG_COMPILER_GLOBAL_ACCENT_COLOR_NAME = AccentColor;
				CODE_SIGN_STYLE = Automatic;
				CURRENT_PROJECT_VERSION = 1;
				DEVELOPMENT_TEAM = MQH3AL8X2Q;
				GENERATE_INFOPLIST_FILE = YES;
				INFOPLIST_FILE = HealthContribution/Info.plist;
				INFOPLIST_KEY_UIApplicationSupportsIndirectInputEvents = YES;
				INFOPLIST_KEY_UILaunchStoryboardName = LaunchScreen;
				INFOPLIST_KEY_UIMainStoryboardFile = Main;
				INFOPLIST_KEY_UISupportedInterfaceOrientations_iPad = "UIInterfaceOrientationPortrait UIInterfaceOrientationPortraitUpsideDown UIInterfaceOrientationLandscapeLeft UIInterfaceOrientationLandscapeRight";
				INFOPLIST_KEY_UISupportedInterfaceOrientations_iPhone = "UIInterfaceOrientationPortrait UIInterfaceOrientationLandscapeLeft UIInterfaceOrientationLandscapeRight";
				IPHONEOS_DEPLOYMENT_TARGET = 15.5;
				LD_RUNPATH_SEARCH_PATHS = (
					"$(inherited)",
					"@executable_path/Frameworks",
				);
				MARKETING_VERSION = 1.0;
				PRODUCT_BUNDLE_IDENTIFIER = com.seungchan.HealthContribution;
				PRODUCT_NAME = "$(TARGET_NAME)";
				SDKROOT = iphoneos;
				SWIFT_EMIT_LOC_STRINGS = YES;
				SWIFT_VERSION = 5.0;
				TARGETED_DEVICE_FAMILY = "1,2";
			};
			name = Debug;
		};
		6462D9282878121000CAB415 /* Release */ = {
			isa = XCBuildConfiguration;
			buildSettings = {
				ASSETCATALOG_COMPILER_APPICON_NAME = AppIcon;
				ASSETCATALOG_COMPILER_GLOBAL_ACCENT_COLOR_NAME = AccentColor;
				CODE_SIGN_STYLE = Automatic;
				CURRENT_PROJECT_VERSION = 1;
				DEVELOPMENT_TEAM = MQH3AL8X2Q;
				GENERATE_INFOPLIST_FILE = YES;
				INFOPLIST_FILE = HealthContribution/Info.plist;
				INFOPLIST_KEY_UIApplicationSupportsIndirectInputEvents = YES;
				INFOPLIST_KEY_UILaunchStoryboardName = LaunchScreen;
				INFOPLIST_KEY_UIMainStoryboardFile = Main;
				INFOPLIST_KEY_UISupportedInterfaceOrientations_iPad = "UIInterfaceOrientationPortrait UIInterfaceOrientationPortraitUpsideDown UIInterfaceOrientationLandscapeLeft UIInterfaceOrientationLandscapeRight";
				INFOPLIST_KEY_UISupportedInterfaceOrientations_iPhone = "UIInterfaceOrientationPortrait UIInterfaceOrientationLandscapeLeft UIInterfaceOrientationLandscapeRight";
				IPHONEOS_DEPLOYMENT_TARGET = 15.5;
				LD_RUNPATH_SEARCH_PATHS = (
					"$(inherited)",
					"@executable_path/Frameworks",
				);
				MARKETING_VERSION = 1.0;
				PRODUCT_BUNDLE_IDENTIFIER = com.seungchan.HealthContribution;
				PRODUCT_NAME = "$(TARGET_NAME)";
				SDKROOT = iphoneos;
				SWIFT_EMIT_LOC_STRINGS = YES;
				SWIFT_VERSION = 5.0;
				TARGETED_DEVICE_FAMILY = "1,2";
				VALIDATE_PRODUCT = YES;
			};
			name = Release;
		};
/* End XCBuildConfiguration section */

/* Begin XCConfigurationList section */
		6462D8E42878120C00CAB415 /* Build configuration list for PBXProject "HealthContribution" */ = {
			isa = XCConfigurationList;
			buildConfigurations = (
				6462D91C2878121000CAB415 /* Debug */,
				6462D91D2878121000CAB415 /* Release */,
			);
			defaultConfigurationIsVisible = 0;
			defaultConfigurationName = Release;
		};
		6462D91E2878121000CAB415 /* Build configuration list for PBXNativeTarget "HealthContribution WatchKit Extension" */ = {
			isa = XCConfigurationList;
			buildConfigurations = (
				6462D91F2878121000CAB415 /* Debug */,
				6462D9202878121000CAB415 /* Release */,
			);
			defaultConfigurationIsVisible = 0;
			defaultConfigurationName = Release;
		};
		6462D9222878121000CAB415 /* Build configuration list for PBXNativeTarget "HealthContribution WatchKit App" */ = {
			isa = XCConfigurationList;
			buildConfigurations = (
				6462D9232878121000CAB415 /* Debug */,
				6462D9242878121000CAB415 /* Release */,
			);
			defaultConfigurationIsVisible = 0;
			defaultConfigurationName = Release;
		};
		6462D9262878121000CAB415 /* Build configuration list for PBXNativeTarget "HealthContribution" */ = {
			isa = XCConfigurationList;
			buildConfigurations = (
				6462D9272878121000CAB415 /* Debug */,
				6462D9282878121000CAB415 /* Release */,
			);
			defaultConfigurationIsVisible = 0;
			defaultConfigurationName = Release;
		};
/* End XCConfigurationList section */
	};
	rootObject = 6462D8E12878120C00CAB415 /* Project object */;
}
